// !$*UTF8*$!
{
	archiveVersion = 1;
	classes = {
	};
	objectVersion = 50;
	objects = {

/* Begin PBXBuildFile section */
		3AA7622B2377CA8500A5C162 /* AppDelegate.swift in Sources */ = {isa = PBXBuildFile; fileRef = 3AA7622A2377CA8500A5C162 /* AppDelegate.swift */; };
		3AA7622D2377CA8500A5C162 /* SceneDelegate.swift in Sources */ = {isa = PBXBuildFile; fileRef = 3AA7622C2377CA8500A5C162 /* SceneDelegate.swift */; };
		3AA762322377CA8500A5C162 /* Main.storyboard in Resources */ = {isa = PBXBuildFile; fileRef = 3AA762302377CA8500A5C162 /* Main.storyboard */; };
		3AA762342377CA8600A5C162 /* Assets.xcassets in Resources */ = {isa = PBXBuildFile; fileRef = 3AA762332377CA8600A5C162 /* Assets.xcassets */; };
		3AA762372377CA8600A5C162 /* LaunchScreen.storyboard in Resources */ = {isa = PBXBuildFile; fileRef = 3AA762352377CA8600A5C162 /* LaunchScreen.storyboard */; };
		3AA7623F2377CCCD00A5C162 /* NoteTableViewController.swift in Sources */ = {isa = PBXBuildFile; fileRef = 3AA7623E2377CCCD00A5C162 /* NoteTableViewController.swift */; };
		9B931513237DD522000AB50C /* TaskTableViewController.swift in Sources */ = {isa = PBXBuildFile; fileRef = 9B931512237DD522000AB50C /* TaskTableViewController.swift */; };
/* End PBXBuildFile section */

/* Begin PBXFileReference section */
		3AA762272377CA8500A5C162 /* harpreet_761984_note_p1.app */ = {isa = PBXFileReference; explicitFileType = wrapper.application; includeInIndex = 0; path = harpreet_761984_note_p1.app; sourceTree = BUILT_PRODUCTS_DIR; };
		3AA7622A2377CA8500A5C162 /* AppDelegate.swift */ = {isa = PBXFileReference; lastKnownFileType = sourcecode.swift; path = AppDelegate.swift; sourceTree = "<group>"; };
		3AA7622C2377CA8500A5C162 /* SceneDelegate.swift */ = {isa = PBXFileReference; lastKnownFileType = sourcecode.swift; path = SceneDelegate.swift; sourceTree = "<group>"; };
		3AA762312377CA8500A5C162 /* Base */ = {isa = PBXFileReference; lastKnownFileType = file.storyboard; name = Base; path = Base.lproj/Main.storyboard; sourceTree = "<group>"; };
		3AA762332377CA8600A5C162 /* Assets.xcassets */ = {isa = PBXFileReference; lastKnownFileType = folder.assetcatalog; path = Assets.xcassets; sourceTree = "<group>"; };
		3AA762362377CA8600A5C162 /* Base */ = {isa = PBXFileReference; lastKnownFileType = file.storyboard; name = Base; path = Base.lproj/LaunchScreen.storyboard; sourceTree = "<group>"; };
		3AA762382377CA8600A5C162 /* Info.plist */ = {isa = PBXFileReference; lastKnownFileType = text.plist.xml; path = Info.plist; sourceTree = "<group>"; };
		3AA7623E2377CCCD00A5C162 /* NoteTableViewController.swift */ = {isa = PBXFileReference; lastKnownFileType = sourcecode.swift; path = NoteTableViewController.swift; sourceTree = "<group>"; };
		9B931512237DD522000AB50C /* TaskTableViewController.swift */ = {isa = PBXFileReference; lastKnownFileType = sourcecode.swift; path = TaskTableViewController.swift; sourceTree = "<group>"; };
/* End PBXFileReference section */

/* Begin PBXFrameworksBuildPhase section */
		3AA762242377CA8500A5C162 /* Frameworks */ = {
			isa = PBXFrameworksBuildPhase;
			buildActionMask = 2147483647;
			files = (
			);
			runOnlyForDeploymentPostprocessing = 0;
		};
/* End PBXFrameworksBuildPhase section */

/* Begin PBXGroup section */
		3AA7621E2377CA8500A5C162 = {
			isa = PBXGroup;
			children = (
				3AA762292377CA8500A5C162 /* harpreet_761984_note_p1 */,
				3AA762282377CA8500A5C162 /* Products */,
			);
			sourceTree = "<group>";
		};
		3AA762282377CA8500A5C162 /* Products */ = {
			isa = PBXGroup;
			children = (
				3AA762272377CA8500A5C162 /* harpreet_761984_note_p1.app */,
			);
			name = Products;
			sourceTree = "<group>";
		};
		3AA762292377CA8500A5C162 /* harpreet_761984_note_p1 */ = {
			isa = PBXGroup;
			children = (
				3AA7622A2377CA8500A5C162 /* AppDelegate.swift */,
				3AA7622C2377CA8500A5C162 /* SceneDelegate.swift */,
				3AA762302377CA8500A5C162 /* Main.storyboard */,
				3AA762332377CA8600A5C162 /* Assets.xcassets */,
				3AA762352377CA8600A5C162 /* LaunchScreen.storyboard */,
				3AA762382377CA8600A5C162 /* Info.plist */,
				3AA7623E2377CCCD00A5C162 /* NoteTableViewController.swift */,
				9B931512237DD522000AB50C /* TaskTableViewController.swift */,
			);
			path = harpreet_761984_note_p1;
			sourceTree = "<group>";
		};
/* End PBXGroup section */

/* Begin PBXNativeTarget section */
		3AA762262377CA8500A5C162 /* harpreet_761984_note_p1 */ = {
			isa = PBXNativeTarget;
			buildConfigurationList = 3AA7623B2377CA8600A5C162 /* Build configuration list for PBXNativeTarget "harpreet_761984_note_p1" */;
			buildPhases = (
				3AA762232377CA8500A5C162 /* Sources */,
				3AA762242377CA8500A5C162 /* Frameworks */,
				3AA762252377CA8500A5C162 /* Resources */,
			);
			buildRules = (
			);
			dependencies = (
			);
			name = harpreet_761984_note_p1;
			productName = harpreet_761984_note_p1;
			productReference = 3AA762272377CA8500A5C162 /* harpreet_761984_note_p1.app */;
			productType = "com.apple.product-type.application";
		};
/* End PBXNativeTarget section */

/* Begin PBXProject section */
		3AA7621F2377CA8500A5C162 /* Project object */ = {
			isa = PBXProject;
			attributes = {
				LastSwiftUpdateCheck = 1120;
				LastUpgradeCheck = 1120;
				ORGANIZATIONNAME = Harpreet;
				TargetAttributes = {
					3AA762262377CA8500A5C162 = {
						CreatedOnToolsVersion = 11.2;
					};
				};
			};
			buildConfigurationList = 3AA762222377CA8500A5C162 /* Build configuration list for PBXProject "harpreet_761984_note_p1" */;
			compatibilityVersion = "Xcode 9.3";
			developmentRegion = en;
			hasScannedForEncodings = 0;
			knownRegions = (
				en,
				Base,
			);
			mainGroup = 3AA7621E2377CA8500A5C162;
			productRefGroup = 3AA762282377CA8500A5C162 /* Products */;
			projectDirPath = "";
			projectRoot = "";
			targets = (
				3AA762262377CA8500A5C162 /* harpreet_761984_note_p1 */,
			);
		};
/* End PBXProject section */

/* Begin PBXResourcesBuildPhase section */
		3AA762252377CA8500A5C162 /* Resources */ = {
			isa = PBXResourcesBuildPhase;
			buildActionMask = 2147483647;
			files = (
				3AA762372377CA8600A5C162 /* LaunchScreen.storyboard in Resources */,
				3AA762342377CA8600A5C162 /* Assets.xcassets in Resources */,
				3AA762322377CA8500A5C162 /* Main.storyboard in Resources */,
			);
			runOnlyForDeploymentPostprocessing = 0;
		};
/* End PBXResourcesBuildPhase section */

/* Begin PBXSourcesBuildPhase section */
		3AA762232377CA8500A5C162 /* Sources */ = {
			isa = PBXSourcesBuildPhase;
			buildActionMask = 2147483647;
			files = (
				3AA7623F2377CCCD00A5C162 /* NoteTableViewController.swift in Sources */,
				3AA7622B2377CA8500A5C162 /* AppDelegate.swift in Sources */,
				9B931513237DD522000AB50C /* TaskTableViewController.swift in Sources */,
				3AA7622D2377CA8500A5C162 /* SceneDelegate.swift in Sources */,
			);
			runOnlyForDeploymentPostprocessing = 0;
		};
/* End PBXSourcesBuildPhase section */

/* Begin PBXVariantGroup section */
		3AA762302377CA8500A5C162 /* Main.storyboard */ = {
			isa = PBXVariantGroup;
			children = (
				3AA762312377CA8500A5C162 /* Base */,
			);
			name = Main.storyboard;
			sourceTree = "<group>";
		};
		3AA762352377CA8600A5C162 /* LaunchScreen.storyboard */ = {
			isa = PBXVariantGroup;
			children = (
				3AA762362377CA8600A5C162 /* Base */,
			);
			name = LaunchScreen.storyboard;
			sourceTree = "<group>";
		};
/* End PBXVariantGroup section */

/* Begin XCBuildConfiguration section */
		3AA762392377CA8600A5C162 /* Debug */ = {
			isa = XCBuildConfiguration;
			buildSettings = {
				ALWAYS_SEARCH_USER_PATHS = NO;
				CLANG_ANALYZER_NONNULL = YES;
				CLANG_ANALYZER_NUMBER_OBJECT_CONVERSION = YES_AGGRESSIVE;
				CLANG_CXX_LANGUAGE_STANDARD = "gnu++14";
				CLANG_CXX_LIBRARY = "libc++";
				CLANG_ENABLE_MODULES = YES;
				CLANG_ENABLE_OBJC_ARC = YES;
				CLANG_ENABLE_OBJC_WEAK = YES;
				CLANG_WARN_BLOCK_CAPTURE_AUTORELEASING = YES;
				CLANG_WARN_BOOL_CONVERSION = YES;
				CLANG_WARN_COMMA = YES;
				CLANG_WARN_CONSTANT_CONVERSION = YES;
				CLANG_WARN_DEPRECATED_OBJC_IMPLEMENTATIONS = YES;
				CLANG_WARN_DIRECT_OBJC_ISA_USAGE = YES_ERROR;
				CLANG_WARN_DOCUMENTATION_COMMENTS = YES;
				CLANG_WARN_EMPTY_BODY = YES;
				CLANG_WARN_ENUM_CONVERSION = YES;
				CLANG_WARN_INFINITE_RECURSION = YES;
				CLANG_WARN_INT_CONVERSION = YES;
				CLANG_WARN_NON_LITERAL_NULL_CONVERSION = YES;
				CLANG_WARN_OBJC_IMPLICIT_RETAIN_SELF = YES;
				CLANG_WARN_OBJC_LITERAL_CONVERSION = YES;
				CLANG_WARN_OBJC_ROOT_CLASS = YES_ERROR;
				CLANG_WARN_RANGE_LOOP_ANALYSIS = YES;
				CLANG_WARN_STRICT_PROTOTYPES = YES;
				CLANG_WARN_SUSPICIOUS_MOVE = YES;
				CLANG_WARN_UNGUARDED_AVAILABILITY = YES_AGGRESSIVE;
				CLANG_WARN_UNREACHABLE_CODE = YES;
				CLANG_WARN__DUPLICATE_METHOD_MATCH = YES;
				COPY_PHASE_STRIP = NO;
				DEBUG_INFORMATION_FORMAT = dwarf;
				ENABLE_STRICT_OBJC_MSGSEND = YES;
				ENABLE_TESTABILITY = YES;
				GCC_C_LANGUAGE_STANDARD = gnu11;
				GCC_DYNAMIC_NO_PIC = NO;
				GCC_NO_COMMON_BLOCKS = YES;
				GCC_OPTIMIZATION_LEVEL = 0;
				GCC_PREPROCESSOR_DEFINITIONS = (
					"DEBUG=1",
					"$(inherited)",
				);
				GCC_WARN_64_TO_32_BIT_CONVERSION = YES;
				GCC_WARN_ABOUT_RETURN_TYPE = YES_ERROR;
				GCC_WARN_UNDECLARED_SELECTOR = YES;
				GCC_WARN_UNINITIALIZED_AUTOS = YES_AGGRESSIVE;
				GCC_WARN_UNUSED_FUNCTION = YES;
				GCC_WARN_UNUSED_VARIABLE = YES;
				IPHONEOS_DEPLOYMENT_TARGET = 13.2;
				MTL_ENABLE_DEBUG_INFO = INCLUDE_SOURCE;
				MTL_FAST_MATH = YES;
				ONLY_ACTIVE_ARCH = YES;
				SDKROOT = iphoneos;
				SWIFT_ACTIVE_COMPILATION_CONDITIONS = DEBUG;
				SWIFT_OPTIMIZATION_LEVEL = "-Onone";
			};
			name = Debug;
		};
		3AA7623A2377CA8600A5C162 /* Release */ = {
			isa = XCBuildConfiguration;
			buildSettings = {
				ALWAYS_SEARCH_USER_PATHS = NO;
				CLANG_ANALYZER_NONNULL = YES;
				CLANG_ANALYZER_NUMBER_OBJECT_CONVERSION = YES_AGGRESSIVE;
				CLANG_CXX_LANGUAGE_STANDARD = "gnu++14";
				CLANG_CXX_LIBRARY = "libc++";
				CLANG_ENABLE_MODULES = YES;
				CLANG_ENABLE_OBJC_ARC = YES;
				CLANG_ENABLE_OBJC_WEAK = YES;
				CLANG_WARN_BLOCK_CAPTURE_AUTORELEASING = YES;
				CLANG_WARN_BOOL_CONVERSION = YES;
				CLANG_WARN_COMMA = YES;
				CLANG_WARN_CONSTANT_CONVERSION = YES;
				CLANG_WARN_DEPRECATED_OBJC_IMPLEMENTATIONS = YES;
				CLANG_WARN_DIRECT_OBJC_ISA_USAGE = YES_ERROR;
				CLANG_WARN_DOCUMENTATION_COMMENTS = YES;
				CLANG_WARN_EMPTY_BODY = YES;
				CLANG_WARN_ENUM_CONVERSION = YES;
				CLANG_WARN_INFINITE_RECURSION = YES;
				CLANG_WARN_INT_CONVERSION = YES;
				CLANG_WARN_NON_LITERAL_NULL_CONVERSION = YES;
				CLANG_WARN_OBJC_IMPLICIT_RETAIN_SELF = YES;
				CLANG_WARN_OBJC_LITERAL_CONVERSION = YES;
				CLANG_WARN_OBJC_ROOT_CLASS = YES_ERROR;
				CLANG_WARN_RANGE_LOOP_ANALYSIS = YES;
				CLANG_WARN_STRICT_PROTOTYPES = YES;
				CLANG_WARN_SUSPICIOUS_MOVE = YES;
				CLANG_WARN_UNGUARDED_AVAILABILITY = YES_AGGRESSIVE;
				CLANG_WARN_UNREACHABLE_CODE = YES;
				CLANG_WARN__DUPLICATE_METHOD_MATCH = YES;
				COPY_PHASE_STRIP = NO;
				DEBUG_INFORMATION_FORMAT = "dwarf-with-dsym";
				ENABLE_NS_ASSERTIONS = NO;
				ENABLE_STRICT_OBJC_MSGSEND = YES;
				GCC_C_LANGUAGE_STANDARD = gnu11;
				GCC_NO_COMMON_BLOCKS = YES;
				GCC_WARN_64_TO_32_BIT_CONVERSION = YES;
				GCC_WARN_ABOUT_RETURN_TYPE = YES_ERROR;
				GCC_WARN_UNDECLARED_SELECTOR = YES;
				GCC_WARN_UNINITIALIZED_AUTOS = YES_AGGRESSIVE;
				GCC_WARN_UNUSED_FUNCTION = YES;
				GCC_WARN_UNUSED_VARIABLE = YES;
				IPHONEOS_DEPLOYMENT_TARGET = 13.2;
				MTL_ENABLE_DEBUG_INFO = NO;
				MTL_FAST_MATH = YES;
				SDKROOT = iphoneos;
				SWIFT_COMPILATION_MODE = wholemodule;
				SWIFT_OPTIMIZATION_LEVEL = "-O";
				VALIDATE_PRODUCT = YES;
			};
			name = Release;
		};
		3AA7623C2377CA8600A5C162 /* Debug */ = {
			isa = XCBuildConfiguration;
			buildSettings = {
				ASSETCATALOG_COMPILER_APPICON_NAME = AppIcon;
				CODE_SIGN_STYLE = Automatic;
				INFOPLIST_FILE = harpreet_761984_note_p1/Info.plist;
				LD_RUNPATH_SEARCH_PATHS = (
					"$(inherited)",
					"@executable_path/Frameworks",
				);
				PRODUCT_BUNDLE_IDENTIFIER = "main.harpreet-761984-note-p1";
				PRODUCT_NAME = "$(TARGET_NAME)";
				SWIFT_VERSION = 5.0;
				TARGETED_DEVICE_FAMILY = "1,2";
			};
			name = Debug;
		};
		3AA7623D2377CA8600A5C162 /* Release */ = {
			isa = XCBuildConfiguration;
			buildSettings = {
				ASSETCATALOG_COMPILER_APPICON_NAME = AppIcon;
				CODE_SIGN_STYLE = Automatic;
				INFOPLIST_FILE = harpreet_761984_note_p1/Info.plist;
				LD_RUNPATH_SEARCH_PATHS = (
					"$(inherited)",
					"@executable_path/Frameworks",
				);
				PRODUCT_BUNDLE_IDENTIFIER = "main.harpreet-761984-note-p1";
				PRODUCT_NAME = "$(TARGET_NAME)";
				SWIFT_VERSION = 5.0;
				TARGETED_DEVICE_FAMILY = "1,2";
			};
			name = Release;
		};
/* End XCBuildConfiguration section */

/* Begin XCConfigurationList section */
		3AA762222377CA8500A5C162 /* Build configuration list for PBXProject "harpreet_761984_note_p1" */ = {
			isa = XCConfigurationList;
			buildConfigurations = (
				3AA762392377CA8600A5C162 /* Debug */,
				3AA7623A2377CA8600A5C162 /* Release */,
			);
			defaultConfigurationIsVisible = 0;
			defaultConfigurationName = Release;
		};
		3AA7623B2377CA8600A5C162 /* Build configuration list for PBXNativeTarget "harpreet_761984_note_p1" */ = {
			isa = XCConfigurationList;
			buildConfigurations = (
				3AA7623C2377CA8600A5C162 /* Debug */,
				3AA7623D2377CA8600A5C162 /* Release */,
			);
			defaultConfigurationIsVisible = 0;
			defaultConfigurationName = Release;
		};
/* End XCConfigurationList section */
	};
	rootObject = 3AA7621F2377CA8500A5C162 /* Project object */;
}
